{
  "lockfileVersion": 1,
  "workspaces": {
    "": {
      "dependencies": {
        "@types/matter-js": "^0.19.8",
        "matter-js": "^0.20.0",
      },
    },
  },
  "packages": {
    "@types/matter-js": ["@types/matter-js@0.19.8", "", {}, "sha512-W2ZWG58Lijv/4v768NgpeyFqqiOyslmAU7qqM1Lhz4XBoUgGtZtPz4CjcOKYtqHIak14dvPldslQhltqLTWwsw=="],

    "matter-js": ["matter-js@0.20.0", "", {}, "sha512-iC9fYR7zVT3HppNnsFsp9XOoQdQN2tUyfaKg4CHLH8bN+j6GT4Gw7IH2rP0tflAebrHFw730RR3DkVSZRX8hwA=="],
  }
}
